{
  "version": 4,
  "terraform_version": "1.7.5",
  "serial": 5,
  "lineage": "b27d7d7a-4c54-f147-e557-97c83c056751",
  "outputs": {},
  "resources": [
    {
      "mode": "managed",
      "type": "azurerm_resource_group",
      "name": "VnetAssigment",
      "provider": "provider[\"registry.terraform.io/hashicorp/azurerm\"]",
      "instances": [
        {
          "schema_version": 0,
          "attributes": {
            "id": "/subscriptions/cb26ff3f-68c5-451a-851b-f6e0aa3b0f66/resourceGroups/VnetAssigment",
            "location": "centralindia",
            "managed_by": "",
            "name": "VnetAssigment",
            "tags": null,
            "timeouts": null
          },
          "sensitive_attributes": [],
          "private": "eyJlMmJmYjczMC1lY2FhLTExZTYtOGY4OC0zNDM2M2JjN2M0YzAiOnsiY3JlYXRlIjo1NDAwMDAwMDAwMDAwLCJkZWxldGUiOjU0MDAwMDAwMDAwMDAsInJlYWQiOjMwMDAwMDAwMDAwMCwidXBkYXRlIjo1NDAwMDAwMDAwMDAwfX0="
        }
      ]
    },
    {
      "mode": "managed",
      "type": "azurerm_storage_account",
      "name": "backupstatefile01",
      "provider": "provider[\"registry.terraform.io/hashicorp/azurerm\"]",
      "instances": [
        {
          "schema_version": 4,
          "attributes": {
            "access_tier": "Hot",
            "account_kind": "StorageV2",
            "account_replication_type": "LRS",
            "account_tier": "Standard",
            "allow_nested_items_to_be_public": true,
            "allowed_copy_scope": "",
            "azure_files_authentication": [],
            "blob_properties": [
              {
                "change_feed_enabled": false,
                "change_feed_retention_in_days": 0,
                "container_delete_retention_policy": [],
                "cors_rule": [],
                "default_service_version": "",
                "delete_retention_policy": [],
                "last_access_time_enabled": false,
                "restore_policy": [],
                "versioning_enabled": false
              }
            ],
            "cross_tenant_replication_enabled": true,
            "custom_domain": [],
            "customer_managed_key": [],
            "default_to_oauth_authentication": false,
            "edge_zone": "",
            "enable_https_traffic_only": true,
            "id": "/subscriptions/cb26ff3f-68c5-451a-851b-f6e0aa3b0f66/resourceGroups/VnetAssigment/providers/Microsoft.Storage/storageAccounts/backupstatefile01",
            "identity": [],
            "immutability_policy": [],
            "infrastructure_encryption_enabled": false,
            "is_hns_enabled": false,
            "large_file_share_enabled": null,
            "local_user_enabled": true,
            "location": "centralindia",
            "min_tls_version": "TLS1_2",
            "name": "backupstatefile01",
            "network_rules": [
              {
                "bypass": [
                  "AzureServices"
                ],
                "default_action": "Allow",
                "ip_rules": [],
                "private_link_access": [],
                "virtual_network_subnet_ids": []
              }
            ],
            "nfsv3_enabled": false,
            "primary_access_key": "HBtbIT3yC8/2VHaJHsaeFAq0HOgMZu8wmrALtN2Ei+etLaAFq78WbGSS8qIcYJCc0NBQyaUD/LUa+AStw7fJig==",
            "primary_blob_connection_string": "DefaultEndpointsProtocol=https;BlobEndpoint=https://backupstatefile01.blob.core.windows.net/;AccountName=backupstatefile01;AccountKey=HBtbIT3yC8/2VHaJHsaeFAq0HOgMZu8wmrALtN2Ei+etLaAFq78WbGSS8qIcYJCc0NBQyaUD/LUa+AStw7fJig==",
            "primary_blob_endpoint": "https://backupstatefile01.blob.core.windows.net/",
            "primary_blob_host": "backupstatefile01.blob.core.windows.net",
            "primary_blob_internet_endpoint": "",
            "primary_blob_internet_host": "",
            "primary_blob_microsoft_endpoint": "",
            "primary_blob_microsoft_host": "",
            "primary_connection_string": "DefaultEndpointsProtocol=https;AccountName=backupstatefile01;AccountKey=HBtbIT3yC8/2VHaJHsaeFAq0HOgMZu8wmrALtN2Ei+etLaAFq78WbGSS8qIcYJCc0NBQyaUD/LUa+AStw7fJig==;EndpointSuffix=core.windows.net",
            "primary_dfs_endpoint": "https://backupstatefile01.dfs.core.windows.net/",
            "primary_dfs_host": "backupstatefile01.dfs.core.windows.net",
            "primary_dfs_internet_endpoint": "",
            "primary_dfs_internet_host": "",
            "primary_dfs_microsoft_endpoint": "",
            "primary_dfs_microsoft_host": "",
            "primary_file_endpoint": "https://backupstatefile01.file.core.windows.net/",
            "primary_file_host": "backupstatefile01.file.core.windows.net",
            "primary_file_internet_endpoint": "",
            "primary_file_internet_host": "",
            "primary_file_microsoft_endpoint": "",
            "primary_file_microsoft_host": "",
            "primary_location": "centralindia",
            "primary_queue_endpoint": "https://backupstatefile01.queue.core.windows.net/",
            "primary_queue_host": "backupstatefile01.queue.core.windows.net",
            "primary_queue_microsoft_endpoint": "",
            "primary_queue_microsoft_host": "",
            "primary_table_endpoint": "https://backupstatefile01.table.core.windows.net/",
            "primary_table_host": "backupstatefile01.table.core.windows.net",
            "primary_table_microsoft_endpoint": "",
            "primary_table_microsoft_host": "",
            "primary_web_endpoint": "https://backupstatefile01.z29.web.core.windows.net/",
            "primary_web_host": "backupstatefile01.z29.web.core.windows.net",
            "primary_web_internet_endpoint": "",
            "primary_web_internet_host": "",
            "primary_web_microsoft_endpoint": "",
            "primary_web_microsoft_host": "",
            "public_network_access_enabled": true,
            "queue_encryption_key_type": "Service",
            "queue_properties": [
              {
                "cors_rule": [],
                "hour_metrics": [
                  {
                    "enabled": true,
                    "include_apis": true,
                    "retention_policy_days": 7,
                    "version": "1.0"
                  }
                ],
                "logging": [
                  {
                    "delete": false,
                    "read": false,
                    "retention_policy_days": 0,
                    "version": "1.0",
                    "write": false
                  }
                ],
                "minute_metrics": [
                  {
                    "enabled": false,
                    "include_apis": false,
                    "retention_policy_days": 0,
                    "version": "1.0"
                  }
                ]
              }
            ],
            "resource_group_name": "VnetAssigment",
            "routing": [],
            "sas_policy": [],
            "secondary_access_key": "PqKFY0B4UOW4fWRjSHFxM0HdL/T/s6NYW4sAt3fyZV8es3O3rF0sycWBzFkz3lYBlQua+xfI57gY+AStvNFBBg==",
            "secondary_blob_connection_string": "",
            "secondary_blob_endpoint": null,
            "secondary_blob_host": null,
            "secondary_blob_internet_endpoint": null,
            "secondary_blob_internet_host": null,
            "secondary_blob_microsoft_endpoint": null,
            "secondary_blob_microsoft_host": null,
            "secondary_connection_string": "DefaultEndpointsProtocol=https;AccountName=backupstatefile01;AccountKey=PqKFY0B4UOW4fWRjSHFxM0HdL/T/s6NYW4sAt3fyZV8es3O3rF0sycWBzFkz3lYBlQua+xfI57gY+AStvNFBBg==;EndpointSuffix=core.windows.net",
            "secondary_dfs_endpoint": null,
            "secondary_dfs_host": null,
            "secondary_dfs_internet_endpoint": null,
            "secondary_dfs_internet_host": null,
            "secondary_dfs_microsoft_endpoint": null,
            "secondary_dfs_microsoft_host": null,
            "secondary_file_endpoint": null,
            "secondary_file_host": null,
            "secondary_file_internet_endpoint": null,
            "secondary_file_internet_host": null,
            "secondary_file_microsoft_endpoint": null,
            "secondary_file_microsoft_host": null,
            "secondary_location": "",
            "secondary_queue_endpoint": null,
            "secondary_queue_host": null,
            "secondary_queue_microsoft_endpoint": null,
            "secondary_queue_microsoft_host": null,
            "secondary_table_endpoint": null,
            "secondary_table_host": null,
            "secondary_table_microsoft_endpoint": null,
            "secondary_table_microsoft_host": null,
            "secondary_web_endpoint": null,
            "secondary_web_host": null,
            "secondary_web_internet_endpoint": null,
            "secondary_web_internet_host": null,
            "secondary_web_microsoft_endpoint": null,
            "secondary_web_microsoft_host": null,
            "sftp_enabled": false,
            "share_properties": [
              {
                "cors_rule": [],
                "retention_policy": [
                  {
                    "days": 7
                  }
                ],
                "smb": []
              }
            ],
            "shared_access_key_enabled": true,
            "static_website": [],
            "table_encryption_key_type": "Service",
            "tags": {
              "environment": "ag-prod"
            },
            "timeouts": null
          },
          "sensitive_attributes": [],
          "private": "eyJlMmJmYjczMC1lY2FhLTExZTYtOGY4OC0zNDM2M2JjN2M0YzAiOnsiY3JlYXRlIjozNjAwMDAwMDAwMDAwLCJkZWxldGUiOjM2MDAwMDAwMDAwMDAsInJlYWQiOjMwMDAwMDAwMDAwMCwidXBkYXRlIjozNjAwMDAwMDAwMDAwfSwic2NoZW1hX3ZlcnNpb24iOiI0In0=",
          "dependencies": [
            "azurerm_resource_group.VnetAssigment"
          ]
        }
      ]
    },
    {
      "mode": "managed",
      "type": "azurerm_storage_container",
      "name": "tfstatefilebkp",
      "provider": "provider[\"registry.terraform.io/hashicorp/azurerm\"]",
      "instances": [
        {
          "schema_version": 1,
          "attributes": {
            "container_access_type": "container",
            "has_immutability_policy": false,
            "has_legal_hold": false,
            "id": "https://backupstatefile01.blob.core.windows.net/tfstatefilebkp",
            "metadata": {},
            "name": "tfstatefilebkp",
            "resource_manager_id": "/subscriptions/cb26ff3f-68c5-451a-851b-f6e0aa3b0f66/resourceGroups/VnetAssigment/providers/Microsoft.Storage/storageAccounts/backupstatefile01/blobServices/default/containers/tfstatefilebkp",
            "storage_account_name": "backupstatefile01",
            "timeouts": null
          },
          "sensitive_attributes": [],
          "private": "eyJlMmJmYjczMC1lY2FhLTExZTYtOGY4OC0zNDM2M2JjN2M0YzAiOnsiY3JlYXRlIjoxODAwMDAwMDAwMDAwLCJkZWxldGUiOjE4MDAwMDAwMDAwMDAsInJlYWQiOjMwMDAwMDAwMDAwMCwidXBkYXRlIjoxODAwMDAwMDAwMDAwfSwic2NoZW1hX3ZlcnNpb24iOiIxIn0=",
          "dependencies": [
            "azurerm_resource_group.VnetAssigment",
            "azurerm_storage_account.backupstatefile01"
          ]
        }
      ]
    },
    {
      "mode": "managed",
      "type": "azurerm_virtual_network",
      "name": "ag-vnet",
      "provider": "provider[\"registry.terraform.io/hashicorp/azurerm\"]",
      "instances": [
        {
          "schema_version": 0,
          "attributes": {
            "address_space": [
              "10.0.0.0/16"
            ],
            "bgp_community": "",
            "ddos_protection_plan": [],
            "dns_servers": [],
            "edge_zone": "",
            "encryption": [],
            "flow_timeout_in_minutes": 0,
            "guid": "91f30275-16fa-436b-8e91-948519302812",
            "id": "/subscriptions/cb26ff3f-68c5-451a-851b-f6e0aa3b0f66/resourceGroups/VnetAssigment/providers/Microsoft.Network/virtualNetworks/ag-vnet",
            "location": "centralindia",
            "name": "ag-vnet",
            "resource_group_name": "VnetAssigment",
            "subnet": [
              {
                "address_prefix": "10.0.1.0/24",
                "id": "/subscriptions/cb26ff3f-68c5-451a-851b-f6e0aa3b0f66/resourceGroups/VnetAssigment/providers/Microsoft.Network/virtualNetworks/ag-vnet/subnets/subnet01",
                "name": "subnet01",
                "security_group": ""
              }
            ],
            "tags": {
              "environment": "ag-Production"
            },
            "timeouts": null
          },
          "sensitive_attributes": [],
          "private": "eyJlMmJmYjczMC1lY2FhLTExZTYtOGY4OC0zNDM2M2JjN2M0YzAiOnsiY3JlYXRlIjoxODAwMDAwMDAwMDAwLCJkZWxldGUiOjE4MDAwMDAwMDAwMDAsInJlYWQiOjMwMDAwMDAwMDAwMCwidXBkYXRlIjoxODAwMDAwMDAwMDAwfX0=",
          "dependencies": [
            "azurerm_resource_group.VnetAssigment"
          ]
        }
      ]
    }
  ],
  "check_results": null
}
